<?xml version="1.0" encoding="utf-8"?>
<Project ToolsVersion="4.0" xmlns="http://schemas.microsoft.com/developer/msbuild/2003">
  <ItemGroup>
    <Filter Include="Code">
      <UniqueIdentifier>{5daaf7d0-9533-4734-bdd3-e58c75e87992}</UniqueIdentifier>
    </Filter>
    <Filter Include="Code\Core">
      <UniqueIdentifier>{edc60802-61f4-422d-adca-8661966d45bc}</UniqueIdentifier>
    </Filter>
  </ItemGroup>
  <ItemGroup>
    <None Include="Code\Core\comExport.def">
      <Filter>Code\Core</Filter>
    </None>
  </ItemGroup>
  <ItemGroup>
    <ClInclude Include="Code\Core\CoreCom.h">
      <Filter>Code\Core</Filter>
    </ClInclude>
    <ClInclude Include="Code\Core\CoreAPI.h">
      <Filter>Code\Core</Filter>
    </ClInclude>
  </ItemGroup>
  <ItemGroup>
    <ClCompile Include="Code\Core\CoreCom.cpp">
      <Filter>Code\Core</Filter>
    </ClCompile>
    <ClCompile Include="Code\Core\CoreAPI.cpp">
      <Filter>Code\Core</Filter>
    </ClCompile>
  </ItemGroup>
</Project>